{
  "name": "docs",
  "version": "1.0.0",
  "lockfileVersion": 2,
  "requires": true,
  "packages": {
    "": {
      "name": "docs",
      "version": "1.0.0",
      "license": "ISC",
      "dependencies": {
        "knot-vue": "file:../src"
      }
    },
    "../src": {
      "version": "1.0.0",
      "license": "ISC"
    },
    "node_modules/knot-vue": {
      "resolved": "../src",
      "link": true
    }
  },
  "dependencies": {
    "knot-vue": {
      "version": "file:../src"
    }
  }
}
